
Microsoft Visual Studio Solution File, Format Version 12.00
# Visual Studio Version 17
VisualStudioVersion = 17.14.36717.8
MinimumVisualStudioVersion = 10.0.40219.1
Project("{FAE04EC0-301F-11D3-BF4B-00C04F79EFBC}") = "ApiDemo", "ApiDemo\ApiDemo.csproj", "{11196DEB-ABB6-4A7A-A957-8315297BF844}"
EndProject
Project("{FAE04EC0-301F-11D3-BF4B-00C04F79EFBC}") = "NetCoreAı.ApiConsumeUi", "NetCoreAı.ApiConsumeUi\NetCoreAı.ApiConsumeUi.csproj", "{D0D20A26-F971-44EA-8E60-882003A22988}"
EndProject
Project("{FAE04EC0-301F-11D3-BF4B-00C04F79EFBC}") = "NetCoreAi.RapidConsume", "NetCoreAi.RapidConsume\NetCoreAi.RapidConsume.csproj", "{FC497000-1FFC-49B6-BEBF-63AB33DAFE8E}"
EndProject
Project("{FAE04EC0-301F-11D3-BF4B-00C04F79EFBC}") = "NetCoreAi.OpenAiChat", "NetCoreAi.OpenAiChat\NetCoreAi.OpenAiChat.csproj", "{E56BC609-9F2A-43BD-9349-823C9BCC238C}"
EndProject
Project("{FAE04EC0-301F-11D3-BF4B-00C04F79EFBC}") = "NetCoreAi.WhispeSpeechToText", "NetCoreAi.WhispeSpeechToText\NetCoreAi.WhispeSpeechToText.csproj", "{E2D50240-0B7B-4B47-B619-C6B680216DBC}"
EndProject
Project("{FAE04EC0-301F-11D3-BF4B-00C04F79EFBC}") = "NetCoreAi.DalleImageGeneration", "NetCoreAi.DalleImageGeneration\NetCoreAi.DalleImageGeneration.csproj", "{7A422649-9395-4CFF-B71C-8543F7EA8DD9}"
EndProject
Project("{FAE04EC0-301F-11D3-BF4B-00C04F79EFBC}") = "NetCoreAiTesseract", "NetCoreAiTesseract\NetCoreAiTesseract.csproj", "{68DC0034-EFE4-4F0C-A81D-B07F1698FBF3}"
EndProject
Global
	GlobalSection(SolutionConfigurationPlatforms) = preSolution
		Debug|Any CPU = Debug|Any CPU
		Release|Any CPU = Release|Any CPU
	EndGlobalSection
	GlobalSection(ProjectConfigurationPlatforms) = postSolution
		{11196DEB-ABB6-4A7A-A957-8315297BF844}.Debug|Any CPU.ActiveCfg = Debug|Any CPU
		{11196DEB-ABB6-4A7A-A957-8315297BF844}.Debug|Any CPU.Build.0 = Debug|Any CPU
		{11196DEB-ABB6-4A7A-A957-8315297BF844}.Release|Any CPU.ActiveCfg = Release|Any CPU
		{11196DEB-ABB6-4A7A-A957-8315297BF844}.Release|Any CPU.Build.0 = Release|Any CPU
		{D0D20A26-F971-44EA-8E60-882003A22988}.Debug|Any CPU.ActiveCfg = Debug|Any CPU
		{D0D20A26-F971-44EA-8E60-882003A22988}.Debug|Any CPU.Build.0 = Debug|Any CPU
		{D0D20A26-F971-44EA-8E60-882003A22988}.Release|Any CPU.ActiveCfg = Release|Any CPU
		{D0D20A26-F971-44EA-8E60-882003A22988}.Release|Any CPU.Build.0 = Release|Any CPU
		{FC497000-1FFC-49B6-BEBF-63AB33DAFE8E}.Debug|Any CPU.ActiveCfg = Debug|Any CPU
		{FC497000-1FFC-49B6-BEBF-63AB33DAFE8E}.Debug|Any CPU.Build.0 = Debug|Any CPU
		{FC497000-1FFC-49B6-BEBF-63AB33DAFE8E}.Release|Any CPU.ActiveCfg = Release|Any CPU
		{FC497000-1FFC-49B6-BEBF-63AB33DAFE8E}.Release|Any CPU.Build.0 = Release|Any CPU
		{E56BC609-9F2A-43BD-9349-823C9BCC238C}.Debug|Any CPU.ActiveCfg = Debug|Any CPU
		{E56BC609-9F2A-43BD-9349-823C9BCC238C}.Debug|Any CPU.Build.0 = Debug|Any CPU
		{E56BC609-9F2A-43BD-9349-823C9BCC238C}.Release|Any CPU.ActiveCfg = Release|Any CPU
		{E56BC609-9F2A-43BD-9349-823C9BCC238C}.Release|Any CPU.Build.0 = Release|Any CPU
		{E2D50240-0B7B-4B47-B619-C6B680216DBC}.Debug|Any CPU.ActiveCfg = Debug|Any CPU
		{E2D50240-0B7B-4B47-B619-C6B680216DBC}.Debug|Any CPU.Build.0 = Debug|Any CPU
		{E2D50240-0B7B-4B47-B619-C6B680216DBC}.Release|Any CPU.ActiveCfg = Release|Any CPU
		{E2D50240-0B7B-4B47-B619-C6B680216DBC}.Release|Any CPU.Build.0 = Release|Any CPU
		{7A422649-9395-4CFF-B71C-8543F7EA8DD9}.Debug|Any CPU.ActiveCfg = Debug|Any CPU
		{7A422649-9395-4CFF-B71C-8543F7EA8DD9}.Debug|Any CPU.Build.0 = Debug|Any CPU
		{7A422649-9395-4CFF-B71C-8543F7EA8DD9}.Release|Any CPU.ActiveCfg = Release|Any CPU
		{7A422649-9395-4CFF-B71C-8543F7EA8DD9}.Release|Any CPU.Build.0 = Release|Any CPU
		{68DC0034-EFE4-4F0C-A81D-B07F1698FBF3}.Debug|Any CPU.ActiveCfg = Debug|Any CPU
		{68DC0034-EFE4-4F0C-A81D-B07F1698FBF3}.Debug|Any CPU.Build.0 = Debug|Any CPU
		{68DC0034-EFE4-4F0C-A81D-B07F1698FBF3}.Release|Any CPU.ActiveCfg = Release|Any CPU
		{68DC0034-EFE4-4F0C-A81D-B07F1698FBF3}.Release|Any CPU.Build.0 = Release|Any CPU
	EndGlobalSection
	GlobalSection(SolutionProperties) = preSolution
		HideSolutionNode = FALSE
	EndGlobalSection
	GlobalSection(ExtensibilityGlobals) = postSolution
		SolutionGuid = {454C7909-7921-475B-B72D-E2BF5CBE1363}
	EndGlobalSection
EndGlobal
